
Microsoft Visual Studio Solution File, Format Version 12.00
# Visual Studio Version 17
VisualStudioVersion = 17.2.32630.192
MinimumVisualStudioVersion = 10.0.40219.1
Project("{9A19103F-16F7-4668-BE54-9A1E7A4F7556}") = "crud-app", "crud-app.csproj", "{021C4BEB-76F8-4C66-98CF-E95F3363C594}"
EndProject
Project("{9A19103F-16F7-4668-BE54-9A1E7A4F7556}") = "Tests", "..\Tests\Tests.csproj", "{B6FD5D35-15C9-4A5B-90F3-50A37E400EE3}"
EndProject
Project("{9A19103F-16F7-4668-BE54-9A1E7A4F7556}") = "Entities", "..\Entities\Entities.csproj", "{03271D82-FE50-4A85-B6CC-0F11AD510431}"
EndProject
Project("{9A19103F-16F7-4668-BE54-9A1E7A4F7556}") = "ServiceContracts", "..\ServiceContracts\ServiceContracts.csproj", "{84C2395D-B5D7-4B53-93E1-0A65B42B2EF4}"
EndProject
Global
	GlobalSection(SolutionConfigurationPlatforms) = preSolution
		Debug|Any CPU = Debug|Any CPU
		Release|Any CPU = Release|Any CPU
	EndGlobalSection
	GlobalSection(ProjectConfigurationPlatforms) = postSolution
		{021C4BEB-76F8-4C66-98CF-E95F3363C594}.Debug|Any CPU.ActiveCfg = Debug|Any CPU
		{021C4BEB-76F8-4C66-98CF-E95F3363C594}.Debug|Any CPU.Build.0 = Debug|Any CPU
		{021C4BEB-76F8-4C66-98CF-E95F3363C594}.Release|Any CPU.ActiveCfg = Release|Any CPU
		{021C4BEB-76F8-4C66-98CF-E95F3363C594}.Release|Any CPU.Build.0 = Release|Any CPU
		{B6FD5D35-15C9-4A5B-90F3-50A37E400EE3}.Debug|Any CPU.ActiveCfg = Debug|Any CPU
		{B6FD5D35-15C9-4A5B-90F3-50A37E400EE3}.Debug|Any CPU.Build.0 = Debug|Any CPU
		{B6FD5D35-15C9-4A5B-90F3-50A37E400EE3}.Release|Any CPU.ActiveCfg = Release|Any CPU
		{B6FD5D35-15C9-4A5B-90F3-50A37E400EE3}.Release|Any CPU.Build.0 = Release|Any CPU
		{03271D82-FE50-4A85-B6CC-0F11AD510431}.Debug|Any CPU.ActiveCfg = Debug|Any CPU
		{03271D82-FE50-4A85-B6CC-0F11AD510431}.Debug|Any CPU.Build.0 = Debug|Any CPU
		{03271D82-FE50-4A85-B6CC-0F11AD510431}.Release|Any CPU.ActiveCfg = Release|Any CPU
		{03271D82-FE50-4A85-B6CC-0F11AD510431}.Release|Any CPU.Build.0 = Release|Any CPU
		{84C2395D-B5D7-4B53-93E1-0A65B42B2EF4}.Debug|Any CPU.ActiveCfg = Debug|Any CPU
		{84C2395D-B5D7-4B53-93E1-0A65B42B2EF4}.Debug|Any CPU.Build.0 = Debug|Any CPU
		{84C2395D-B5D7-4B53-93E1-0A65B42B2EF4}.Release|Any CPU.ActiveCfg = Release|Any CPU
		{84C2395D-B5D7-4B53-93E1-0A65B42B2EF4}.Release|Any CPU.Build.0 = Release|Any CPU
	EndGlobalSection
	GlobalSection(SolutionProperties) = preSolution
		HideSolutionNode = FALSE
	EndGlobalSection
	GlobalSection(ExtensibilityGlobals) = postSolution
		SolutionGuid = {EF8076CC-71CB-4D67-8E7D-15991303681F}
	EndGlobalSection
EndGlobal
